// !$*UTF8*$!
{
	archiveVersion = 1;
	classes = {
	};
	objectVersion = 51;
	objects = {

/* Begin PBXBuildFile section */
		01FCC77C5F3D1D2E8E790597 /* Pods_Example.framework in Frameworks */ = {isa = PBXBuildFile; fileRef = CC9912C2650E3EB537758A04 /* Pods_Example.framework */; };
		FA997EAB25899BC20023CF77 /* AppDelegate.swift in Sources */ = {isa = PBXBuildFile; fileRef = FA997EAA25899BC20023CF77 /* AppDelegate.swift */; };
		FA997EAF25899BC20023CF77 /* ViewController.swift in Sources */ = {isa = PBXBuildFile; fileRef = FA997EAE25899BC20023CF77 /* ViewController.swift */; };
		FA997EB225899BC20023CF77 /* Main.storyboard in Resources */ = {isa = PBXBuildFile; fileRef = FA997EB025899BC20023CF77 /* Main.storyboard */; };
		FA997EB425899BC30023CF77 /* Assets.xcassets in Resources */ = {isa = PBXBuildFile; fileRef = FA997EB325899BC30023CF77 /* Assets.xcassets */; };
		FA997EB725899BC30023CF77 /* LaunchScreen.storyboard in Resources */ = {isa = PBXBuildFile; fileRef = FA997EB525899BC30023CF77 /* LaunchScreen.storyboard */; };
		FA997EC225899BC30023CF77 /* ExampleTests.swift in Sources */ = {isa = PBXBuildFile; fileRef = FA997EC125899BC30023CF77 /* ExampleTests.swift */; };
		FA997ECD25899BC30023CF77 /* ExampleUITests.swift in Sources */ = {isa = PBXBuildFile; fileRef = FA997ECC25899BC30023CF77 /* ExampleUITests.swift */; };
		FA997F5F2589A0030023CF77 /* WMHPhotoSDK.framework in Frameworks */ = {isa = PBXBuildFile; fileRef = FA997EDE25899BCD0023CF77 /* WMHPhotoSDK.framework */; };
		FA997F602589A0030023CF77 /* WMHPhotoSDK.framework in Embed Frameworks */ = {isa = PBXBuildFile; fileRef = FA997EDE25899BCD0023CF77 /* WMHPhotoSDK.framework */; settings = {ATTRIBUTES = (CodeSignOnCopy, RemoveHeadersOnCopy, ); }; };
/* End PBXBuildFile section */

/* Begin PBXContainerItemProxy section */
		FA997EBE25899BC30023CF77 /* PBXContainerItemProxy */ = {
			isa = PBXContainerItemProxy;
			containerPortal = FA997E9F25899BC20023CF77 /* Project object */;
			proxyType = 1;
			remoteGlobalIDString = FA997EA625899BC20023CF77;
			remoteInfo = Example;
		};
		FA997EC925899BC30023CF77 /* PBXContainerItemProxy */ = {
			isa = PBXContainerItemProxy;
			containerPortal = FA997E9F25899BC20023CF77 /* Project object */;
			proxyType = 1;
			remoteGlobalIDString = FA997EA625899BC20023CF77;
			remoteInfo = Example;
		};
/* End PBXContainerItemProxy section */

/* Begin PBXCopyFilesBuildPhase section */
		FA997F612589A0030023CF77 /* Embed Frameworks */ = {
			isa = PBXCopyFilesBuildPhase;
			buildActionMask = 2147483647;
			dstPath = "";
			dstSubfolderSpec = 10;
			files = (
				FA997F602589A0030023CF77 /* WMHPhotoSDK.framework in Embed Frameworks */,
			);
			name = "Embed Frameworks";
			runOnlyForDeploymentPostprocessing = 0;
		};
/* End PBXCopyFilesBuildPhase section */

/* Begin PBXFileReference section */
		16A80BD242B46F152904DD6E /* Pods-Example.debug.xcconfig */ = {isa = PBXFileReference; includeInIndex = 1; lastKnownFileType = text.xcconfig; name = "Pods-Example.debug.xcconfig"; path = "../../Pods/Target Support Files/Pods-Example/Pods-Example.debug.xcconfig"; sourceTree = "<group>"; };
		C6F1022234F0C7DD0BA9D7FF /* Pods-Example.release.xcconfig */ = {isa = PBXFileReference; includeInIndex = 1; lastKnownFileType = text.xcconfig; name = "Pods-Example.release.xcconfig"; path = "../../Pods/Target Support Files/Pods-Example/Pods-Example.release.xcconfig"; sourceTree = "<group>"; };
		CC9912C2650E3EB537758A04 /* Pods_Example.framework */ = {isa = PBXFileReference; explicitFileType = wrapper.framework; includeInIndex = 0; path = Pods_Example.framework; sourceTree = BUILT_PRODUCTS_DIR; };
		FA997EA725899BC20023CF77 /* Example.app */ = {isa = PBXFileReference; explicitFileType = wrapper.application; includeInIndex = 0; path = Example.app; sourceTree = BUILT_PRODUCTS_DIR; };
		FA997EAA25899BC20023CF77 /* AppDelegate.swift */ = {isa = PBXFileReference; lastKnownFileType = sourcecode.swift; path = AppDelegate.swift; sourceTree = "<group>"; };
		FA997EAE25899BC20023CF77 /* ViewController.swift */ = {isa = PBXFileReference; lastKnownFileType = sourcecode.swift; path = ViewController.swift; sourceTree = "<group>"; };
		FA997EB125899BC20023CF77 /* Base */ = {isa = PBXFileReference; lastKnownFileType = file.storyboard; name = Base; path = Base.lproj/Main.storyboard; sourceTree = "<group>"; };
		FA997EB325899BC30023CF77 /* Assets.xcassets */ = {isa = PBXFileReference; lastKnownFileType = folder.assetcatalog; path = Assets.xcassets; sourceTree = "<group>"; };
		FA997EB625899BC30023CF77 /* Base */ = {isa = PBXFileReference; lastKnownFileType = file.storyboard; name = Base; path = Base.lproj/LaunchScreen.storyboard; sourceTree = "<group>"; };
		FA997EB825899BC30023CF77 /* Info.plist */ = {isa = PBXFileReference; lastKnownFileType = text.plist.xml; path = Info.plist; sourceTree = "<group>"; };
		FA997EBD25899BC30023CF77 /* ExampleTests.xctest */ = {isa = PBXFileReference; explicitFileType = wrapper.cfbundle; includeInIndex = 0; path = ExampleTests.xctest; sourceTree = BUILT_PRODUCTS_DIR; };
		FA997EC125899BC30023CF77 /* ExampleTests.swift */ = {isa = PBXFileReference; lastKnownFileType = sourcecode.swift; path = ExampleTests.swift; sourceTree = "<group>"; };
		FA997EC325899BC30023CF77 /* Info.plist */ = {isa = PBXFileReference; lastKnownFileType = text.plist.xml; path = Info.plist; sourceTree = "<group>"; };
		FA997EC825899BC30023CF77 /* ExampleUITests.xctest */ = {isa = PBXFileReference; explicitFileType = wrapper.cfbundle; includeInIndex = 0; path = ExampleUITests.xctest; sourceTree = BUILT_PRODUCTS_DIR; };
		FA997ECC25899BC30023CF77 /* ExampleUITests.swift */ = {isa = PBXFileReference; lastKnownFileType = sourcecode.swift; path = ExampleUITests.swift; sourceTree = "<group>"; };
		FA997ECE25899BC30023CF77 /* Info.plist */ = {isa = PBXFileReference; lastKnownFileType = text.plist.xml; path = Info.plist; sourceTree = "<group>"; };
		FA997EDE25899BCD0023CF77 /* WMHPhotoSDK.framework */ = {isa = PBXFileReference; explicitFileType = wrapper.framework; path = WMHPhotoSDK.framework; sourceTree = BUILT_PRODUCTS_DIR; };
/* End PBXFileReference section */

/* Begin PBXFrameworksBuildPhase section */
		FA997EA425899BC20023CF77 /* Frameworks */ = {
			isa = PBXFrameworksBuildPhase;
			buildActionMask = 2147483647;
			files = (
				01FCC77C5F3D1D2E8E790597 /* Pods_Example.framework in Frameworks */,
				FA997F5F2589A0030023CF77 /* WMHPhotoSDK.framework in Frameworks */,
			);
			runOnlyForDeploymentPostprocessing = 0;
		};
		FA997EBA25899BC30023CF77 /* Frameworks */ = {
			isa = PBXFrameworksBuildPhase;
			buildActionMask = 2147483647;
			files = (
			);
			runOnlyForDeploymentPostprocessing = 0;
		};
		FA997EC525899BC30023CF77 /* Frameworks */ = {
			isa = PBXFrameworksBuildPhase;
			buildActionMask = 2147483647;
			files = (
			);
			runOnlyForDeploymentPostprocessing = 0;
		};
/* End PBXFrameworksBuildPhase section */

/* Begin PBXGroup section */
		68C80285A73EA899CFC56B05 /* Pods */ = {
			isa = PBXGroup;
			children = (
				16A80BD242B46F152904DD6E /* Pods-Example.debug.xcconfig */,
				C6F1022234F0C7DD0BA9D7FF /* Pods-Example.release.xcconfig */,
			);
			path = Pods;
			sourceTree = "<group>";
		};
		FA997E9E25899BC20023CF77 = {
			isa = PBXGroup;
			children = (
				FA997EA925899BC20023CF77 /* Example */,
				FA997EC025899BC30023CF77 /* ExampleTests */,
				FA997ECB25899BC30023CF77 /* ExampleUITests */,
				FA997EA825899BC20023CF77 /* Products */,
				FA997EDD25899BCD0023CF77 /* Frameworks */,
				68C80285A73EA899CFC56B05 /* Pods */,
			);
			sourceTree = "<group>";
		};
		FA997EA825899BC20023CF77 /* Products */ = {
			isa = PBXGroup;
			children = (
				FA997EA725899BC20023CF77 /* Example.app */,
				FA997EBD25899BC30023CF77 /* ExampleTests.xctest */,
				FA997EC825899BC30023CF77 /* ExampleUITests.xctest */,
			);
			name = Products;
			sourceTree = "<group>";
		};
		FA997EA925899BC20023CF77 /* Example */ = {
			isa = PBXGroup;
			children = (
				FA997EAA25899BC20023CF77 /* AppDelegate.swift */,
				FA997EAE25899BC20023CF77 /* ViewController.swift */,
				FA997EB025899BC20023CF77 /* Main.storyboard */,
				FA997EB325899BC30023CF77 /* Assets.xcassets */,
				FA997EB525899BC30023CF77 /* LaunchScreen.storyboard */,
				FA997EB825899BC30023CF77 /* Info.plist */,
			);
			path = Example;
			sourceTree = "<group>";
		};
		FA997EC025899BC30023CF77 /* ExampleTests */ = {
			isa = PBXGroup;
			children = (
				FA997EC125899BC30023CF77 /* ExampleTests.swift */,
				FA997EC325899BC30023CF77 /* Info.plist */,
			);
			path = ExampleTests;
			sourceTree = "<group>";
		};
		FA997ECB25899BC30023CF77 /* ExampleUITests */ = {
			isa = PBXGroup;
			children = (
				FA997ECC25899BC30023CF77 /* ExampleUITests.swift */,
				FA997ECE25899BC30023CF77 /* Info.plist */,
			);
			path = ExampleUITests;
			sourceTree = "<group>";
		};
		FA997EDD25899BCD0023CF77 /* Frameworks */ = {
			isa = PBXGroup;
			children = (
				FA997EDE25899BCD0023CF77 /* WMHPhotoSDK.framework */,
				CC9912C2650E3EB537758A04 /* Pods_Example.framework */,
			);
			name = Frameworks;
			sourceTree = "<group>";
		};
/* End PBXGroup section */

/* Begin PBXNativeTarget section */
		FA997EA625899BC20023CF77 /* Example */ = {
			isa = PBXNativeTarget;
			buildConfigurationList = FA997ED125899BC30023CF77 /* Build configuration list for PBXNativeTarget "Example" */;
			buildPhases = (
				3972B2EAA40C0B9F69E4B34C /* [CP] Check Pods Manifest.lock */,
				FA997EA325899BC20023CF77 /* Sources */,
				FA997EA425899BC20023CF77 /* Frameworks */,
				FA997EA525899BC20023CF77 /* Resources */,
				2E95F46048184D24A4AFB64E /* [CP] Embed Pods Frameworks */,
				FA997F612589A0030023CF77 /* Embed Frameworks */,
			);
			buildRules = (
			);
			dependencies = (
			);
			name = Example;
			productName = Example;
			productReference = FA997EA725899BC20023CF77 /* Example.app */;
			productType = "com.apple.product-type.application";
		};
		FA997EBC25899BC30023CF77 /* ExampleTests */ = {
			isa = PBXNativeTarget;
			buildConfigurationList = FA997ED425899BC30023CF77 /* Build configuration list for PBXNativeTarget "ExampleTests" */;
			buildPhases = (
				FA997EB925899BC30023CF77 /* Sources */,
				FA997EBA25899BC30023CF77 /* Frameworks */,
				FA997EBB25899BC30023CF77 /* Resources */,
			);
			buildRules = (
			);
			dependencies = (
				FA997EBF25899BC30023CF77 /* PBXTargetDependency */,
			);
			name = ExampleTests;
			productName = ExampleTests;
			productReference = FA997EBD25899BC30023CF77 /* ExampleTests.xctest */;
			productType = "com.apple.product-type.bundle.unit-test";
		};
		FA997EC725899BC30023CF77 /* ExampleUITests */ = {
			isa = PBXNativeTarget;
			buildConfigurationList = FA997ED725899BC30023CF77 /* Build configuration list for PBXNativeTarget "ExampleUITests" */;
			buildPhases = (
				FA997EC425899BC30023CF77 /* Sources */,
				FA997EC525899BC30023CF77 /* Frameworks */,
				FA997EC625899BC30023CF77 /* Resources */,
			);
			buildRules = (
			);
			dependencies = (
				FA997ECA25899BC30023CF77 /* PBXTargetDependency */,
			);
			name = ExampleUITests;
			productName = ExampleUITests;
			productReference = FA997EC825899BC30023CF77 /* ExampleUITests.xctest */;
			productType = "com.apple.product-type.bundle.ui-testing";
		};
/* End PBXNativeTarget section */

/* Begin PBXProject section */
		FA997E9F25899BC20023CF77 /* Project object */ = {
			isa = PBXProject;
			attributes = {
				LastSwiftUpdateCheck = 1210;
				LastUpgradeCheck = 1210;
				TargetAttributes = {
					FA997EA625899BC20023CF77 = {
						CreatedOnToolsVersion = 12.1;
					};
					FA997EBC25899BC30023CF77 = {
						CreatedOnToolsVersion = 12.1;
						TestTargetID = FA997EA625899BC20023CF77;
					};
					FA997EC725899BC30023CF77 = {
						CreatedOnToolsVersion = 12.1;
						TestTargetID = FA997EA625899BC20023CF77;
					};
				};
			};
			buildConfigurationList = FA997EA225899BC20023CF77 /* Build configuration list for PBXProject "Example" */;
			compatibilityVersion = "Xcode 9.3";
			developmentRegion = en;
			hasScannedForEncodings = 0;
			knownRegions = (
				en,
				Base,
			);
			mainGroup = FA997E9E25899BC20023CF77;
			productRefGroup = FA997EA825899BC20023CF77 /* Products */;
			projectDirPath = "";
			projectRoot = "";
			targets = (
				FA997EA625899BC20023CF77 /* Example */,
				FA997EBC25899BC30023CF77 /* ExampleTests */,
				FA997EC725899BC30023CF77 /* ExampleUITests */,
			);
		};
/* End PBXProject section */

/* Begin PBXResourcesBuildPhase section */
		FA997EA525899BC20023CF77 /* Resources */ = {
			isa = PBXResourcesBuildPhase;
			buildActionMask = 2147483647;
			files = (
				FA997EB725899BC30023CF77 /* LaunchScreen.storyboard in Resources */,
				FA997EB425899BC30023CF77 /* Assets.xcassets in Resources */,
				FA997EB225899BC20023CF77 /* Main.storyboard in Resources */,
			);
			runOnlyForDeploymentPostprocessing = 0;
		};
		FA997EBB25899BC30023CF77 /* Resources */ = {
			isa = PBXResourcesBuildPhase;
			buildActionMask = 2147483647;
			files = (
			);
			runOnlyForDeploymentPostprocessing = 0;
		};
		FA997EC625899BC30023CF77 /* Resources */ = {
			isa = PBXResourcesBuildPhase;
			buildActionMask = 2147483647;
			files = (
			);
			runOnlyForDeploymentPostprocessing = 0;
		};
/* End PBXResourcesBuildPhase section */

/* Begin PBXShellScriptBuildPhase section */
		2E95F46048184D24A4AFB64E /* [CP] Embed Pods Frameworks */ = {
			isa = PBXShellScriptBuildPhase;
			buildActionMask = 2147483647;
			files = (
			);
			inputFileListPaths = (
				"${PODS_ROOT}/Target Support Files/Pods-Example/Pods-Example-frameworks-${CONFIGURATION}-input-files.xcfilelist",
			);
			name = "[CP] Embed Pods Frameworks";
			outputFileListPaths = (
				"${PODS_ROOT}/Target Support Files/Pods-Example/Pods-Example-frameworks-${CONFIGURATION}-output-files.xcfilelist",
			);
			runOnlyForDeploymentPostprocessing = 0;
			shellPath = /bin/sh;
			shellScript = "\"${PODS_ROOT}/Target Support Files/Pods-Example/Pods-Example-frameworks.sh\"\n";
			showEnvVarsInLog = 0;
		};
		3972B2EAA40C0B9F69E4B34C /* [CP] Check Pods Manifest.lock */ = {
			isa = PBXShellScriptBuildPhase;
			buildActionMask = 2147483647;
			files = (
			);
			inputFileListPaths = (
			);
			inputPaths = (
				"${PODS_PODFILE_DIR_PATH}/Podfile.lock",
				"${PODS_ROOT}/Manifest.lock",
			);
			name = "[CP] Check Pods Manifest.lock";
			outputFileListPaths = (
			);
			outputPaths = (
				"$(DERIVED_FILE_DIR)/Pods-Example-checkManifestLockResult.txt",
			);
			runOnlyForDeploymentPostprocessing = 0;
			shellPath = /bin/sh;
			shellScript = "diff \"${PODS_PODFILE_DIR_PATH}/Podfile.lock\" \"${PODS_ROOT}/Manifest.lock\" > /dev/null\nif [ $? != 0 ] ; then\n    # print error to STDERR\n    echo \"error: The sandbox is not in sync with the Podfile.lock. Run 'pod install' or update your CocoaPods installation.\" >&2\n    exit 1\nfi\n# This output is used by Xcode 'outputs' to avoid re-running this script phase.\necho \"SUCCESS\" > \"${SCRIPT_OUTPUT_FILE_0}\"\n";
			showEnvVarsInLog = 0;
		};
/* End PBXShellScriptBuildPhase section */

/* Begin PBXSourcesBuildPhase section */
		FA997EA325899BC20023CF77 /* Sources */ = {
			isa = PBXSourcesBuildPhase;
			buildActionMask = 2147483647;
			files = (
				FA997EAF25899BC20023CF77 /* ViewController.swift in Sources */,
				FA997EAB25899BC20023CF77 /* AppDelegate.swift in Sources */,
			);
			runOnlyForDeploymentPostprocessing = 0;
		};
		FA997EB925899BC30023CF77 /* Sources */ = {
			isa = PBXSourcesBuildPhase;
			buildActionMask = 2147483647;
			files = (
				FA997EC225899BC30023CF77 /* ExampleTests.swift in Sources */,
			);
			runOnlyForDeploymentPostprocessing = 0;
		};
		FA997EC425899BC30023CF77 /* Sources */ = {
			isa = PBXSourcesBuildPhase;
			buildActionMask = 2147483647;
			files = (
				FA997ECD25899BC30023CF77 /* ExampleUITests.swift in Sources */,
			);
			runOnlyForDeploymentPostprocessing = 0;
		};
/* End PBXSourcesBuildPhase section */

/* Begin PBXTargetDependency section */
		FA997EBF25899BC30023CF77 /* PBXTargetDependency */ = {
			isa = PBXTargetDependency;
			target = FA997EA625899BC20023CF77 /* Example */;
			targetProxy = FA997EBE25899BC30023CF77 /* PBXContainerItemProxy */;
		};
		FA997ECA25899BC30023CF77 /* PBXTargetDependency */ = {
			isa = PBXTargetDependency;
			target = FA997EA625899BC20023CF77 /* Example */;
			targetProxy = FA997EC925899BC30023CF77 /* PBXContainerItemProxy */;
		};
/* End PBXTargetDependency section */

/* Begin PBXVariantGroup section */
		FA997EB025899BC20023CF77 /* Main.storyboard */ = {
			isa = PBXVariantGroup;
			children = (
				FA997EB125899BC20023CF77 /* Base */,
			);
			name = Main.storyboard;
			sourceTree = "<group>";
		};
		FA997EB525899BC30023CF77 /* LaunchScreen.storyboard */ = {
			isa = PBXVariantGroup;
			children = (
				FA997EB625899BC30023CF77 /* Base */,
			);
			name = LaunchScreen.storyboard;
			sourceTree = "<group>";
		};
/* End PBXVariantGroup section */

/* Begin XCBuildConfiguration section */
		FA997ECF25899BC30023CF77 /* Debug */ = {
			isa = XCBuildConfiguration;
			buildSettings = {
				ALWAYS_SEARCH_USER_PATHS = NO;
				CLANG_ANALYZER_NONNULL = YES;
				CLANG_ANALYZER_NUMBER_OBJECT_CONVERSION = YES_AGGRESSIVE;
				CLANG_CXX_LANGUAGE_STANDARD = "gnu++14";
				CLANG_CXX_LIBRARY = "libc++";
				CLANG_ENABLE_MODULES = YES;
				CLANG_ENABLE_OBJC_ARC = YES;
				CLANG_ENABLE_OBJC_WEAK = YES;
				CLANG_WARN_BLOCK_CAPTURE_AUTORELEASING = YES;
				CLANG_WARN_BOOL_CONVERSION = YES;
				CLANG_WARN_COMMA = YES;
				CLANG_WARN_CONSTANT_CONVERSION = YES;
				CLANG_WARN_DEPRECATED_OBJC_IMPLEMENTATIONS = YES;
				CLANG_WARN_DIRECT_OBJC_ISA_USAGE = YES_ERROR;
				CLANG_WARN_DOCUMENTATION_COMMENTS = YES;
				CLANG_WARN_EMPTY_BODY = YES;
				CLANG_WARN_ENUM_CONVERSION = YES;
				CLANG_WARN_INFINITE_RECURSION = YES;
				CLANG_WARN_INT_CONVERSION = YES;
				CLANG_WARN_NON_LITERAL_NULL_CONVERSION = YES;
				CLANG_WARN_OBJC_IMPLICIT_RETAIN_SELF = YES;
				CLANG_WARN_OBJC_LITERAL_CONVERSION = YES;
				CLANG_WARN_OBJC_ROOT_CLASS = YES_ERROR;
				CLANG_WARN_QUOTED_INCLUDE_IN_FRAMEWORK_HEADER = YES;
				CLANG_WARN_RANGE_LOOP_ANALYSIS = YES;
				CLANG_WARN_STRICT_PROTOTYPES = YES;
				CLANG_WARN_SUSPICIOUS_MOVE = YES;
				CLANG_WARN_UNGUARDED_AVAILABILITY = YES_AGGRESSIVE;
				CLANG_WARN_UNREACHABLE_CODE = YES;
				CLANG_WARN__DUPLICATE_METHOD_MATCH = YES;
				COPY_PHASE_STRIP = NO;
				DEBUG_INFORMATION_FORMAT = dwarf;
				ENABLE_STRICT_OBJC_MSGSEND = YES;
				ENABLE_TESTABILITY = YES;
				GCC_C_LANGUAGE_STANDARD = gnu11;
				GCC_DYNAMIC_NO_PIC = NO;
				GCC_NO_COMMON_BLOCKS = YES;
				GCC_OPTIMIZATION_LEVEL = 0;
				GCC_PREPROCESSOR_DEFINITIONS = (
					"DEBUG=1",
					"$(inherited)",
				);
				GCC_WARN_64_TO_32_BIT_CONVERSION = YES;
				GCC_WARN_ABOUT_RETURN_TYPE = YES_ERROR;
				GCC_WARN_UNDECLARED_SELECTOR = YES;
				GCC_WARN_UNINITIALIZED_AUTOS = YES_AGGRESSIVE;
				GCC_WARN_UNUSED_FUNCTION = YES;
				GCC_WARN_UNUSED_VARIABLE = YES;
				IPHONEOS_DEPLOYMENT_TARGET = 9.0;
				MTL_ENABLE_DEBUG_INFO = INCLUDE_SOURCE;
				MTL_FAST_MATH = YES;
				ONLY_ACTIVE_ARCH = YES;
				SDKROOT = iphoneos;
				SWIFT_ACTIVE_COMPILATION_CONDITIONS = DEBUG;
				SWIFT_OPTIMIZATION_LEVEL = "-Onone";
			};
			name = Debug;
		};
		FA997ED025899BC30023CF77 /* Release */ = {
			isa = XCBuildConfiguration;
			buildSettings = {
				ALWAYS_SEARCH_USER_PATHS = NO;
				CLANG_ANALYZER_NONNULL = YES;
				CLANG_ANALYZER_NUMBER_OBJECT_CONVERSION = YES_AGGRESSIVE;
				CLANG_CXX_LANGUAGE_STANDARD = "gnu++14";
				CLANG_CXX_LIBRARY = "libc++";
				CLANG_ENABLE_MODULES = YES;
				CLANG_ENABLE_OBJC_ARC = YES;
				CLANG_ENABLE_OBJC_WEAK = YES;
				CLANG_WARN_BLOCK_CAPTURE_AUTORELEASING = YES;
				CLANG_WARN_BOOL_CONVERSION = YES;
				CLANG_WARN_COMMA = YES;
				CLANG_WARN_CONSTANT_CONVERSION = YES;
				CLANG_WARN_DEPRECATED_OBJC_IMPLEMENTATIONS = YES;
				CLANG_WARN_DIRECT_OBJC_ISA_USAGE = YES_ERROR;
				CLANG_WARN_DOCUMENTATION_COMMENTS = YES;
				CLANG_WARN_EMPTY_BODY = YES;
				CLANG_WARN_ENUM_CONVERSION = YES;
				CLANG_WARN_INFINITE_RECURSION = YES;
				CLANG_WARN_INT_CONVERSION = YES;
				CLANG_WARN_NON_LITERAL_NULL_CONVERSION = YES;
				CLANG_WARN_OBJC_IMPLICIT_RETAIN_SELF = YES;
				CLANG_WARN_OBJC_LITERAL_CONVERSION = YES;
				CLANG_WARN_OBJC_ROOT_CLASS = YES_ERROR;
				CLANG_WARN_QUOTED_INCLUDE_IN_FRAMEWORK_HEADER = YES;
				CLANG_WARN_RANGE_LOOP_ANALYSIS = YES;
				CLANG_WARN_STRICT_PROTOTYPES = YES;
				CLANG_WARN_SUSPICIOUS_MOVE = YES;
				CLANG_WARN_UNGUARDED_AVAILABILITY = YES_AGGRESSIVE;
				CLANG_WARN_UNREACHABLE_CODE = YES;
				CLANG_WARN__DUPLICATE_METHOD_MATCH = YES;
				COPY_PHASE_STRIP = NO;
				DEBUG_INFORMATION_FORMAT = "dwarf-with-dsym";
				ENABLE_NS_ASSERTIONS = NO;
				ENABLE_STRICT_OBJC_MSGSEND = YES;
				GCC_C_LANGUAGE_STANDARD = gnu11;
				GCC_NO_COMMON_BLOCKS = YES;
				GCC_WARN_64_TO_32_BIT_CONVERSION = YES;
				GCC_WARN_ABOUT_RETURN_TYPE = YES_ERROR;
				GCC_WARN_UNDECLARED_SELECTOR = YES;
				GCC_WARN_UNINITIALIZED_AUTOS = YES_AGGRESSIVE;
				GCC_WARN_UNUSED_FUNCTION = YES;
				GCC_WARN_UNUSED_VARIABLE = YES;
				IPHONEOS_DEPLOYMENT_TARGET = 9.0;
				MTL_ENABLE_DEBUG_INFO = NO;
				MTL_FAST_MATH = YES;
				SDKROOT = iphoneos;
				SWIFT_COMPILATION_MODE = wholemodule;
				SWIFT_OPTIMIZATION_LEVEL = "-O";
				VALIDATE_PRODUCT = YES;
			};
			name = Release;
		};
		FA997ED225899BC30023CF77 /* Debug */ = {
			isa = XCBuildConfiguration;
			baseConfigurationReference = 16A80BD242B46F152904DD6E /* Pods-Example.debug.xcconfig */;
			buildSettings = {
				ASSETCATALOG_COMPILER_APPICON_NAME = AppIcon;
				ASSETCATALOG_COMPILER_GLOBAL_ACCENT_COLOR_NAME = AccentColor;
				CODE_SIGN_STYLE = Automatic;
				DEVELOPMENT_TEAM = U2KG35WPES;
				INFOPLIST_FILE = Example/Info.plist;
				LD_RUNPATH_SEARCH_PATHS = (
					"$(inherited)",
					"@executable_path/Frameworks",
				);
				PRODUCT_BUNDLE_IDENTIFIER = com.wmh.Example;
				PRODUCT_NAME = "$(TARGET_NAME)";
				SWIFT_VERSION = 5.0;
				TARGETED_DEVICE_FAMILY = "1,2";
			};
			name = Debug;
		};
		FA997ED325899BC30023CF77 /* Release */ = {
			isa = XCBuildConfiguration;
			baseConfigurationReference = C6F1022234F0C7DD0BA9D7FF /* Pods-Example.release.xcconfig */;
			buildSettings = {
				ASSETCATALOG_COMPILER_APPICON_NAME = AppIcon;
				ASSETCATALOG_COMPILER_GLOBAL_ACCENT_COLOR_NAME = AccentColor;
				CODE_SIGN_STYLE = Automatic;
				DEVELOPMENT_TEAM = U2KG35WPES;
				INFOPLIST_FILE = Example/Info.plist;
				LD_RUNPATH_SEARCH_PATHS = (
					"$(inherited)",
					"@executable_path/Frameworks",
				);
				PRODUCT_BUNDLE_IDENTIFIER = com.wmh.Example;
				PRODUCT_NAME = "$(TARGET_NAME)";
				SWIFT_VERSION = 5.0;
				TARGETED_DEVICE_FAMILY = "1,2";
			};
			name = Release;
		};
		FA997ED525899BC30023CF77 /* Debug */ = {
			isa = XCBuildConfiguration;
			buildSettings = {
				ALWAYS_EMBED_SWIFT_STANDARD_LIBRARIES = YES;
				BUNDLE_LOADER = "$(TEST_HOST)";
				CODE_SIGN_STYLE = Automatic;
				DEVELOPMENT_TEAM = U2KG35WPES;
				INFOPLIST_FILE = ExampleTests/Info.plist;
				IPHONEOS_DEPLOYMENT_TARGET = 14.1;
				LD_RUNPATH_SEARCH_PATHS = (
					"$(inherited)",
					"@executable_path/Frameworks",
					"@loader_path/Frameworks",
				);
				PRODUCT_BUNDLE_IDENTIFIER = com.wmh.ExampleTests;
				PRODUCT_NAME = "$(TARGET_NAME)";
				SWIFT_VERSION = 5.0;
				TARGETED_DEVICE_FAMILY = "1,2";
				TEST_HOST = "$(BUILT_PRODUCTS_DIR)/Example.app/Example";
			};
			name = Debug;
		};
		FA997ED625899BC30023CF77 /* Release */ = {
			isa = XCBuildConfiguration;
			buildSettings = {
				ALWAYS_EMBED_SWIFT_STANDARD_LIBRARIES = YES;
				BUNDLE_LOADER = "$(TEST_HOST)";
				CODE_SIGN_STYLE = Automatic;
				DEVELOPMENT_TEAM = U2KG35WPES;
				INFOPLIST_FILE = ExampleTests/Info.plist;
				IPHONEOS_DEPLOYMENT_TARGET = 14.1;
				LD_RUNPATH_SEARCH_PATHS = (
					"$(inherited)",
					"@executable_path/Frameworks",
					"@loader_path/Frameworks",
				);
				PRODUCT_BUNDLE_IDENTIFIER = com.wmh.ExampleTests;
				PRODUCT_NAME = "$(TARGET_NAME)";
				SWIFT_VERSION = 5.0;
				TARGETED_DEVICE_FAMILY = "1,2";
				TEST_HOST = "$(BUILT_PRODUCTS_DIR)/Example.app/Example";
			};
			name = Release;
		};
		FA997ED825899BC30023CF77 /* Debug */ = {
			isa = XCBuildConfiguration;
			buildSettings = {
				ALWAYS_EMBED_SWIFT_STANDARD_LIBRARIES = YES;
				CODE_SIGN_STYLE = Automatic;
				DEVELOPMENT_TEAM = U2KG35WPES;
				INFOPLIST_FILE = ExampleUITests/Info.plist;
				LD_RUNPATH_SEARCH_PATHS = (
					"$(inherited)",
					"@executable_path/Frameworks",
					"@loader_path/Frameworks",
				);
				PRODUCT_BUNDLE_IDENTIFIER = com.wmh.ExampleUITests;
				PRODUCT_NAME = "$(TARGET_NAME)";
				SWIFT_VERSION = 5.0;
				TARGETED_DEVICE_FAMILY = "1,2";
				TEST_TARGET_NAME = Example;
			};
			name = Debug;
		};
		FA997ED925899BC30023CF77 /* Release */ = {
			isa = XCBuildConfiguration;
			buildSettings = {
				ALWAYS_EMBED_SWIFT_STANDARD_LIBRARIES = YES;
				CODE_SIGN_STYLE = Automatic;
				DEVELOPMENT_TEAM = U2KG35WPES;
				INFOPLIST_FILE = ExampleUITests/Info.plist;
				LD_RUNPATH_SEARCH_PATHS = (
					"$(inherited)",
					"@executable_path/Frameworks",
					"@loader_path/Frameworks",
				);
				PRODUCT_BUNDLE_IDENTIFIER = com.wmh.ExampleUITests;
				PRODUCT_NAME = "$(TARGET_NAME)";
				SWIFT_VERSION = 5.0;
				TARGETED_DEVICE_FAMILY = "1,2";
				TEST_TARGET_NAME = Example;
			};
			name = Release;
		};
/* End XCBuildConfiguration section */

/* Begin XCConfigurationList section */
		FA997EA225899BC20023CF77 /* Build configuration list for PBXProject "Example" */ = {
			isa = XCConfigurationList;
			buildConfigurations = (
				FA997ECF25899BC30023CF77 /* Debug */,
				FA997ED025899BC30023CF77 /* Release */,
			);
			defaultConfigurationIsVisible = 0;
			defaultConfigurationName = Release;
		};
		FA997ED125899BC30023CF77 /* Build configuration list for PBXNativeTarget "Example" */ = {
			isa = XCConfigurationList;
			buildConfigurations = (
				FA997ED225899BC30023CF77 /* Debug */,
				FA997ED325899BC30023CF77 /* Release */,
			);
			defaultConfigurationIsVisible = 0;
			defaultConfigurationName = Release;
		};
		FA997ED425899BC30023CF77 /* Build configuration list for PBXNativeTarget "ExampleTests" */ = {
			isa = XCConfigurationList;
			buildConfigurations = (
				FA997ED525899BC30023CF77 /* Debug */,
				FA997ED625899BC30023CF77 /* Release */,
			);
			defaultConfigurationIsVisible = 0;
			defaultConfigurationName = Release;
		};
		FA997ED725899BC30023CF77 /* Build configuration list for PBXNativeTarget "ExampleUITests" */ = {
			isa = XCConfigurationList;
			buildConfigurations = (
				FA997ED825899BC30023CF77 /* Debug */,
				FA997ED925899BC30023CF77 /* Release */,
			);
			defaultConfigurationIsVisible = 0;
			defaultConfigurationName = Release;
		};
/* End XCConfigurationList section */
	};
	rootObject = FA997E9F25899BC20023CF77 /* Project object */;
}
